
Microsoft Visual Studio Solution File, Format Version 12.00
# Visual Studio 15
VisualStudioVersion = 15.0.28307.421
MinimumVisualStudioVersion = 10.0.40219.1
Project("{FAE04EC0-301F-11D3-BF4B-00C04F79EFBC}") = "AZALDevToolsServer", "AZALDevToolsServer\AZALDevToolsServer.csproj", "{56941D2C-42E0-4CD0-95AE-9EC4FAE28887}"
EndProject
Project("{FAE04EC0-301F-11D3-BF4B-00C04F79EFBC}") = "AnZwDev.VSCodeLangServer", "AnZwDev.VSCodeLangServer\AnZwDev.VSCodeLangServer.csproj", "{0791F689-8C39-4916-B5C3-2E10DF4F63F9}"
EndProject
Project("{FAE04EC0-301F-11D3-BF4B-00C04F79EFBC}") = "AnZwDev.ALTools", "AnZwDev.ALTools\AnZwDev.ALTools.csproj", "{9ACC6B7A-D25B-4C6D-A093-3B1361559AE0}"
EndProject
Project("{FAE04EC0-301F-11D3-BF4B-00C04F79EFBC}") = "AZALDevToolsTestConsoleApp", "AZALDevToolsTestConsoleApp\AZALDevToolsTestConsoleApp.csproj", "{B7F399CB-EE80-41C5-A7F3-D8089E3921CE}"
EndProject
Global
	GlobalSection(SolutionConfigurationPlatforms) = preSolution
		Debug|Any CPU = Debug|Any CPU
		Release|Any CPU = Release|Any CPU
	EndGlobalSection
	GlobalSection(ProjectConfigurationPlatforms) = postSolution
		{56941D2C-42E0-4CD0-95AE-9EC4FAE28887}.Debug|Any CPU.ActiveCfg = Debug|Any CPU
		{56941D2C-42E0-4CD0-95AE-9EC4FAE28887}.Debug|Any CPU.Build.0 = Debug|Any CPU
		{56941D2C-42E0-4CD0-95AE-9EC4FAE28887}.Release|Any CPU.ActiveCfg = Release|Any CPU
		{56941D2C-42E0-4CD0-95AE-9EC4FAE28887}.Release|Any CPU.Build.0 = Release|Any CPU
		{0791F689-8C39-4916-B5C3-2E10DF4F63F9}.Debug|Any CPU.ActiveCfg = Debug|Any CPU
		{0791F689-8C39-4916-B5C3-2E10DF4F63F9}.Debug|Any CPU.Build.0 = Debug|Any CPU
		{0791F689-8C39-4916-B5C3-2E10DF4F63F9}.Release|Any CPU.ActiveCfg = Release|Any CPU
		{0791F689-8C39-4916-B5C3-2E10DF4F63F9}.Release|Any CPU.Build.0 = Release|Any CPU
		{9ACC6B7A-D25B-4C6D-A093-3B1361559AE0}.Debug|Any CPU.ActiveCfg = Debug|Any CPU
		{9ACC6B7A-D25B-4C6D-A093-3B1361559AE0}.Debug|Any CPU.Build.0 = Debug|Any CPU
		{9ACC6B7A-D25B-4C6D-A093-3B1361559AE0}.Release|Any CPU.ActiveCfg = Release|Any CPU
		{9ACC6B7A-D25B-4C6D-A093-3B1361559AE0}.Release|Any CPU.Build.0 = Release|Any CPU
		{B7F399CB-EE80-41C5-A7F3-D8089E3921CE}.Debug|Any CPU.ActiveCfg = Debug|Any CPU
		{B7F399CB-EE80-41C5-A7F3-D8089E3921CE}.Debug|Any CPU.Build.0 = Debug|Any CPU
		{B7F399CB-EE80-41C5-A7F3-D8089E3921CE}.Release|Any CPU.ActiveCfg = Release|Any CPU
		{B7F399CB-EE80-41C5-A7F3-D8089E3921CE}.Release|Any CPU.Build.0 = Release|Any CPU
	EndGlobalSection
	GlobalSection(SolutionProperties) = preSolution
		HideSolutionNode = FALSE
	EndGlobalSection
	GlobalSection(ExtensibilityGlobals) = postSolution
		SolutionGuid = {026BDED8-BEF8-4892-A931-CE7821D53E9F}
	EndGlobalSection
EndGlobal
